
Microsoft Visual Studio Solution File, Format Version 12.00
# Visual Studio Version 16
VisualStudioVersion = 16.0.31005.135
MinimumVisualStudioVersion = 10.0.40219.1
Project("{8BC9CEB8-8B4A-11D0-8D11-00A0C91BC942}") = "FirstStep", "FirstStep\FirstStep.vcxproj", "{43F7CD8A-1DEF-409A-A97F-246DBDA82DD5}"
EndProject
Project("{8BC9CEB8-8B4A-11D0-8D11-00A0C91BC942}") = "NameSpace", "NameSpace\NameSpace.vcxproj", "{019AEAA1-FB2A-4B75-885F-DE11D3F95F3B}"
EndProject
Project("{8BC9CEB8-8B4A-11D0-8D11-00A0C91BC942}") = "CircleArea", "CirclArea\CirclArea.vcxproj", "{9BD0041D-7CF6-4588-A5B0-7DDEA44A83B9}"
EndProject
Project("{8BC9CEB8-8B4A-11D0-8D11-00A0C91BC942}") = "Circles1", "Circles1\Circles1.vcxproj", "{E09D7514-AF70-44B5-8428-5E6EA605FB1A}"
EndProject
Project("{8BC9CEB8-8B4A-11D0-8D11-00A0C91BC942}") = "Circles2", "Circles2\Circles2.vcxproj", "{DC897A42-8633-421F-92E8-E8B90BFD393B}"
EndProject
Project("{8BC9CEB8-8B4A-11D0-8D11-00A0C91BC942}") = "SimplePt", "SimplePt\SimplePt.vcxproj", "{1E0E0A80-C28E-4B5E-930E-EBE479C07A9F}"
EndProject
Project("{8BC9CEB8-8B4A-11D0-8D11-00A0C91BC942}") = "ArrayPtr", "ArrayPtr\ArrayPtr.vcxproj", "{A0F42AA5-54EA-48C2-91C5-E57FC44F44CC}"
EndProject
Project("{8BC9CEB8-8B4A-11D0-8D11-00A0C91BC942}") = "SwapInt", "SwapInt\SwapInt.vcxproj", "{56D2D4D6-F8F4-4320-AAE4-D43331E0480B}"
EndProject
Global
	GlobalSection(SolutionConfigurationPlatforms) = preSolution
		Debug|x64 = Debug|x64
		Debug|x86 = Debug|x86
		Release|x64 = Release|x64
		Release|x86 = Release|x86
	EndGlobalSection
	GlobalSection(ProjectConfigurationPlatforms) = postSolution
		{43F7CD8A-1DEF-409A-A97F-246DBDA82DD5}.Debug|x64.ActiveCfg = Debug|x64
		{43F7CD8A-1DEF-409A-A97F-246DBDA82DD5}.Debug|x64.Build.0 = Debug|x64
		{43F7CD8A-1DEF-409A-A97F-246DBDA82DD5}.Debug|x86.ActiveCfg = Debug|Win32
		{43F7CD8A-1DEF-409A-A97F-246DBDA82DD5}.Debug|x86.Build.0 = Debug|Win32
		{43F7CD8A-1DEF-409A-A97F-246DBDA82DD5}.Release|x64.ActiveCfg = Release|x64
		{43F7CD8A-1DEF-409A-A97F-246DBDA82DD5}.Release|x64.Build.0 = Release|x64
		{43F7CD8A-1DEF-409A-A97F-246DBDA82DD5}.Release|x86.ActiveCfg = Release|Win32
		{43F7CD8A-1DEF-409A-A97F-246DBDA82DD5}.Release|x86.Build.0 = Release|Win32
		{019AEAA1-FB2A-4B75-885F-DE11D3F95F3B}.Debug|x64.ActiveCfg = Debug|x64
		{019AEAA1-FB2A-4B75-885F-DE11D3F95F3B}.Debug|x64.Build.0 = Debug|x64
		{019AEAA1-FB2A-4B75-885F-DE11D3F95F3B}.Debug|x86.ActiveCfg = Debug|Win32
		{019AEAA1-FB2A-4B75-885F-DE11D3F95F3B}.Debug|x86.Build.0 = Debug|Win32
		{019AEAA1-FB2A-4B75-885F-DE11D3F95F3B}.Release|x64.ActiveCfg = Release|x64
		{019AEAA1-FB2A-4B75-885F-DE11D3F95F3B}.Release|x64.Build.0 = Release|x64
		{019AEAA1-FB2A-4B75-885F-DE11D3F95F3B}.Release|x86.ActiveCfg = Release|Win32
		{019AEAA1-FB2A-4B75-885F-DE11D3F95F3B}.Release|x86.Build.0 = Release|Win32
		{9BD0041D-7CF6-4588-A5B0-7DDEA44A83B9}.Debug|x64.ActiveCfg = Debug|x64
		{9BD0041D-7CF6-4588-A5B0-7DDEA44A83B9}.Debug|x64.Build.0 = Debug|x64
		{9BD0041D-7CF6-4588-A5B0-7DDEA44A83B9}.Debug|x86.ActiveCfg = Debug|Win32
		{9BD0041D-7CF6-4588-A5B0-7DDEA44A83B9}.Debug|x86.Build.0 = Debug|Win32
		{9BD0041D-7CF6-4588-A5B0-7DDEA44A83B9}.Release|x64.ActiveCfg = Release|x64
		{9BD0041D-7CF6-4588-A5B0-7DDEA44A83B9}.Release|x64.Build.0 = Release|x64
		{9BD0041D-7CF6-4588-A5B0-7DDEA44A83B9}.Release|x86.ActiveCfg = Release|Win32
		{9BD0041D-7CF6-4588-A5B0-7DDEA44A83B9}.Release|x86.Build.0 = Release|Win32
		{E09D7514-AF70-44B5-8428-5E6EA605FB1A}.Debug|x64.ActiveCfg = Debug|x64
		{E09D7514-AF70-44B5-8428-5E6EA605FB1A}.Debug|x64.Build.0 = Debug|x64
		{E09D7514-AF70-44B5-8428-5E6EA605FB1A}.Debug|x86.ActiveCfg = Debug|Win32
		{E09D7514-AF70-44B5-8428-5E6EA605FB1A}.Debug|x86.Build.0 = Debug|Win32
		{E09D7514-AF70-44B5-8428-5E6EA605FB1A}.Release|x64.ActiveCfg = Release|x64
		{E09D7514-AF70-44B5-8428-5E6EA605FB1A}.Release|x64.Build.0 = Release|x64
		{E09D7514-AF70-44B5-8428-5E6EA605FB1A}.Release|x86.ActiveCfg = Release|Win32
		{E09D7514-AF70-44B5-8428-5E6EA605FB1A}.Release|x86.Build.0 = Release|Win32
		{DC897A42-8633-421F-92E8-E8B90BFD393B}.Debug|x64.ActiveCfg = Debug|x64
		{DC897A42-8633-421F-92E8-E8B90BFD393B}.Debug|x64.Build.0 = Debug|x64
		{DC897A42-8633-421F-92E8-E8B90BFD393B}.Debug|x86.ActiveCfg = Debug|Win32
		{DC897A42-8633-421F-92E8-E8B90BFD393B}.Debug|x86.Build.0 = Debug|Win32
		{DC897A42-8633-421F-92E8-E8B90BFD393B}.Release|x64.ActiveCfg = Release|x64
		{DC897A42-8633-421F-92E8-E8B90BFD393B}.Release|x64.Build.0 = Release|x64
		{DC897A42-8633-421F-92E8-E8B90BFD393B}.Release|x86.ActiveCfg = Release|Win32
		{DC897A42-8633-421F-92E8-E8B90BFD393B}.Release|x86.Build.0 = Release|Win32
		{1E0E0A80-C28E-4B5E-930E-EBE479C07A9F}.Debug|x64.ActiveCfg = Debug|x64
		{1E0E0A80-C28E-4B5E-930E-EBE479C07A9F}.Debug|x64.Build.0 = Debug|x64
		{1E0E0A80-C28E-4B5E-930E-EBE479C07A9F}.Debug|x86.ActiveCfg = Debug|Win32
		{1E0E0A80-C28E-4B5E-930E-EBE479C07A9F}.Debug|x86.Build.0 = Debug|Win32
		{1E0E0A80-C28E-4B5E-930E-EBE479C07A9F}.Release|x64.ActiveCfg = Release|x64
		{1E0E0A80-C28E-4B5E-930E-EBE479C07A9F}.Release|x64.Build.0 = Release|x64
		{1E0E0A80-C28E-4B5E-930E-EBE479C07A9F}.Release|x86.ActiveCfg = Release|Win32
		{1E0E0A80-C28E-4B5E-930E-EBE479C07A9F}.Release|x86.Build.0 = Release|Win32
		{A0F42AA5-54EA-48C2-91C5-E57FC44F44CC}.Debug|x64.ActiveCfg = Debug|x64
		{A0F42AA5-54EA-48C2-91C5-E57FC44F44CC}.Debug|x64.Build.0 = Debug|x64
		{A0F42AA5-54EA-48C2-91C5-E57FC44F44CC}.Debug|x86.ActiveCfg = Debug|Win32
		{A0F42AA5-54EA-48C2-91C5-E57FC44F44CC}.Debug|x86.Build.0 = Debug|Win32
		{A0F42AA5-54EA-48C2-91C5-E57FC44F44CC}.Release|x64.ActiveCfg = Release|x64
		{A0F42AA5-54EA-48C2-91C5-E57FC44F44CC}.Release|x64.Build.0 = Release|x64
		{A0F42AA5-54EA-48C2-91C5-E57FC44F44CC}.Release|x86.ActiveCfg = Release|Win32
		{A0F42AA5-54EA-48C2-91C5-E57FC44F44CC}.Release|x86.Build.0 = Release|Win32
		{56D2D4D6-F8F4-4320-AAE4-D43331E0480B}.Debug|x64.ActiveCfg = Debug|x64
		{56D2D4D6-F8F4-4320-AAE4-D43331E0480B}.Debug|x64.Build.0 = Debug|x64
		{56D2D4D6-F8F4-4320-AAE4-D43331E0480B}.Debug|x86.ActiveCfg = Debug|Win32
		{56D2D4D6-F8F4-4320-AAE4-D43331E0480B}.Debug|x86.Build.0 = Debug|Win32
		{56D2D4D6-F8F4-4320-AAE4-D43331E0480B}.Release|x64.ActiveCfg = Release|x64
		{56D2D4D6-F8F4-4320-AAE4-D43331E0480B}.Release|x64.Build.0 = Release|x64
		{56D2D4D6-F8F4-4320-AAE4-D43331E0480B}.Release|x86.ActiveCfg = Release|Win32
		{56D2D4D6-F8F4-4320-AAE4-D43331E0480B}.Release|x86.Build.0 = Release|Win32
	EndGlobalSection
	GlobalSection(SolutionProperties) = preSolution
		HideSolutionNode = FALSE
	EndGlobalSection
	GlobalSection(ExtensibilityGlobals) = postSolution
		SolutionGuid = {D67AA052-DF2F-44F3-A365-4D7219BA5980}
	EndGlobalSection
EndGlobal
